
Microsoft Visual Studio Solution File, Format Version 12.00
# Visual Studio Version 17
VisualStudioVersion = 17.4.33213.308
MinimumVisualStudioVersion = 10.0.40219.1
Project("{9A19103F-16F7-4668-BE54-9A1E7A4F7556}") = "App", "App\App.csproj", "{6C4308D7-127A-42BA-A953-CAF8E9B9BE13}"
EndProject
Project("{FAE04EC0-301F-11D3-BF4B-00C04F79EFBC}") = "AlertHandler", "AlertHandler\AlertHandler.csproj", "{28682160-73E5-49AA-83D0-9261B8A2B915}"
EndProject
Global
	GlobalSection(SolutionConfigurationPlatforms) = preSolution
		Debug|Any CPU = Debug|Any CPU
		Release|Any CPU = Release|Any CPU
	EndGlobalSection
	GlobalSection(ProjectConfigurationPlatforms) = postSolution
		{6C4308D7-127A-42BA-A953-CAF8E9B9BE13}.Debug|Any CPU.ActiveCfg = Debug|Any CPU
		{6C4308D7-127A-42BA-A953-CAF8E9B9BE13}.Debug|Any CPU.Build.0 = Debug|Any CPU
		{6C4308D7-127A-42BA-A953-CAF8E9B9BE13}.Release|Any CPU.ActiveCfg = Release|Any CPU
		{6C4308D7-127A-42BA-A953-CAF8E9B9BE13}.Release|Any CPU.Build.0 = Release|Any CPU
		{28682160-73E5-49AA-83D0-9261B8A2B915}.Debug|Any CPU.ActiveCfg = Debug|Any CPU
		{28682160-73E5-49AA-83D0-9261B8A2B915}.Debug|Any CPU.Build.0 = Debug|Any CPU
		{28682160-73E5-49AA-83D0-9261B8A2B915}.Release|Any CPU.ActiveCfg = Release|Any CPU
		{28682160-73E5-49AA-83D0-9261B8A2B915}.Release|Any CPU.Build.0 = Release|Any CPU
	EndGlobalSection
	GlobalSection(SolutionProperties) = preSolution
		HideSolutionNode = FALSE
	EndGlobalSection
	GlobalSection(ExtensibilityGlobals) = postSolution
		SolutionGuid = {0E5661FC-212B-4918-82A7-8B818AD31EBD}
	EndGlobalSection
EndGlobal
