
Microsoft Visual Studio Solution File, Format Version 12.00
# Visual Studio Version 17
VisualStudioVersion = 17.0.31903.59
MinimumVisualStudioVersion = 10.0.40219.1
Project("{9A19103F-16F7-4668-BE54-9A1E7A4F7556}") = "SecretlessQueueReader", "SecretlessQueueReader\SecretlessQueueReader.csproj", "{D3DE40E1-B56C-41B8-BFE6-F996CE748787}"
EndProject
Global
	GlobalSection(SolutionConfigurationPlatforms) = preSolution
		Debug|Any CPU = Debug|Any CPU
		Release|Any CPU = Release|Any CPU
	EndGlobalSection
	GlobalSection(ProjectConfigurationPlatforms) = postSolution
		{D3DE40E1-B56C-41B8-BFE6-F996CE748787}.Debug|Any CPU.ActiveCfg = Debug|Any CPU
		{D3DE40E1-B56C-41B8-BFE6-F996CE748787}.Debug|Any CPU.Build.0 = Debug|Any CPU
		{D3DE40E1-B56C-41B8-BFE6-F996CE748787}.Release|Any CPU.ActiveCfg = Release|Any CPU
		{D3DE40E1-B56C-41B8-BFE6-F996CE748787}.Release|Any CPU.Build.0 = Release|Any CPU
	EndGlobalSection
	GlobalSection(SolutionProperties) = preSolution
		HideSolutionNode = FALSE
	EndGlobalSection
	GlobalSection(ExtensibilityGlobals) = postSolution
		SolutionGuid = {9ADC2C80-3AFF-4A68-A2DE-57AE0DB91B06}
	EndGlobalSection
EndGlobal
